
Microsoft Visual Studio Solution File, Format Version 12.00
# Visual Studio Version 17
VisualStudioVersion = 17.8.34309.116
MinimumVisualStudioVersion = 10.0.40219.1
Project("{9A19103F-16F7-4668-BE54-9A1E7A4F7556}") = "RentalInvestmentAid", "RentalInvestmentAid\RentalInvestmentAid.csproj", "{495C99CB-2414-488A-837A-2E6573C0D572}"
EndProject
Project("{9A19103F-16F7-4668-BE54-9A1E7A4F7556}") = "RentalInvestmentAid.Core", "RentalInvestmentAid.Core\RentalInvestmentAid.Core.csproj", "{C6A04112-8CDB-4E30-A87A-07ACF10D7979}"
EndProject
Project("{9A19103F-16F7-4668-BE54-9A1E7A4F7556}") = "RentalInvestmentAid.Models", "RentalInvestmentAid.Models\RentalInvestmentAid.Models.csproj", "{443AE962-D4DB-41DF-8A12-5561FD5AC9BC}"
EndProject
Project("{9A19103F-16F7-4668-BE54-9A1E7A4F7556}") = "RentalInvestmentAid.Test", "RentalInvestmentAid.Test\RentalInvestmentAid.Test.csproj", "{EBF960D4-ED76-4765-9B28-C17DF73BDD13}"
EndProject
Project("{9A19103F-16F7-4668-BE54-9A1E7A4F7556}") = "RentalInvestmentAid.Database", "RentalInvestmentAid.Database\RentalInvestmentAid.Database.csproj", "{0E7CE835-EEAC-4930-ABA5-31289D3316F6}"
EndProject
Project("{9A19103F-16F7-4668-BE54-9A1E7A4F7556}") = "RentalInvestmentAid.Settings", "RentalInvestmentAid.Settings\RentalInvestmentAid.Settings.csproj", "{65123082-5585-4F38-97FE-CDCCD8190572}"
EndProject
Project("{2150E333-8FDC-42A3-9474-1A3956D46DE8}") = "init", "init", "{FCC05192-78CD-4861-87EC-D4C3D3860F29}"
	ProjectSection(SolutionItems) = preProject
		init\init.sql = init\init.sql
	EndProjectSection
EndProject
Project("{9A19103F-16F7-4668-BE54-9A1E7A4F7556}") = "RentalInvestmentAid.Logger", "RentalInvestmentAid.Logger\RentalInvestmentAid.Logger.csproj", "{C48DC6A7-3142-4E65-8BF8-0C697E9C6FC8}"
EndProject
Project("{9A19103F-16F7-4668-BE54-9A1E7A4F7556}") = "RentalInvestmentAid.Web", "RentalInvestmentAid.Web\RentalInvestmentAid.Web.csproj", "{1C51B43C-1280-433A-AE82-24C57362A5A0}"
EndProject
Project("{9A19103F-16F7-4668-BE54-9A1E7A4F7556}") = "RentalInvestmentAid.Queue", "RentalInvestmentAid.Queue\RentalInvestmentAid.Queue.csproj", "{A36C45FD-0BA1-45DD-938F-97DD21963184}"
EndProject
Project("{9A19103F-16F7-4668-BE54-9A1E7A4F7556}") = "RentalInvestmentAid.Caching", "RentalInvestmentAid.Caching\RentalInvestmentAid.Caching.csproj", "{544C921E-53C0-40C2-B047-0C88879CE675}"
EndProject
Project("{2150E333-8FDC-42A3-9474-1A3956D46DE8}") = "Queries", "Queries", "{95A16BBB-04A5-473C-BE70-9A2022199502}"
	ProjectSection(SolutionItems) = preProject
		Queries\Dump database.sql = Queries\Dump database.sql
	EndProjectSection
EndProject
Project("{9A19103F-16F7-4668-BE54-9A1E7A4F7556}") = "FetchAnnoucementWorkerService", "FetchAnnoucementWorkerService\FetchAnnoucementWorkerService.csproj", "{68C9BF09-0F07-4042-A974-C74EEA51A36D}"
EndProject
Project("{9A19103F-16F7-4668-BE54-9A1E7A4F7556}") = "RentalInvestmentAid.GeminiAPICaller", "RentalInvestmentAid.GeminiAPICaller\RentalInvestmentAid.GeminiAPICaller.csproj", "{547F5470-D0C3-44D4-89B4-B9235B1103E8}"
EndProject
Project("{FAE04EC0-301F-11D3-BF4B-00C04F79EFBC}") = "TreatAnnouncementWorkerService", "TreatAnnouncementWorkerService\TreatAnnouncementWorkerService.csproj", "{0285819F-1C57-4533-9C00-F86CD1546857}"
EndProject
Global
	GlobalSection(SolutionConfigurationPlatforms) = preSolution
		Debug|Any CPU = Debug|Any CPU
		Release|Any CPU = Release|Any CPU
	EndGlobalSection
	GlobalSection(ProjectConfigurationPlatforms) = postSolution
		{495C99CB-2414-488A-837A-2E6573C0D572}.Debug|Any CPU.ActiveCfg = Debug|Any CPU
		{495C99CB-2414-488A-837A-2E6573C0D572}.Debug|Any CPU.Build.0 = Debug|Any CPU
		{495C99CB-2414-488A-837A-2E6573C0D572}.Release|Any CPU.ActiveCfg = Release|Any CPU
		{495C99CB-2414-488A-837A-2E6573C0D572}.Release|Any CPU.Build.0 = Release|Any CPU
		{C6A04112-8CDB-4E30-A87A-07ACF10D7979}.Debug|Any CPU.ActiveCfg = Debug|Any CPU
		{C6A04112-8CDB-4E30-A87A-07ACF10D7979}.Debug|Any CPU.Build.0 = Debug|Any CPU
		{C6A04112-8CDB-4E30-A87A-07ACF10D7979}.Release|Any CPU.ActiveCfg = Release|Any CPU
		{C6A04112-8CDB-4E30-A87A-07ACF10D7979}.Release|Any CPU.Build.0 = Release|Any CPU
		{443AE962-D4DB-41DF-8A12-5561FD5AC9BC}.Debug|Any CPU.ActiveCfg = Debug|Any CPU
		{443AE962-D4DB-41DF-8A12-5561FD5AC9BC}.Debug|Any CPU.Build.0 = Debug|Any CPU
		{443AE962-D4DB-41DF-8A12-5561FD5AC9BC}.Release|Any CPU.ActiveCfg = Release|Any CPU
		{443AE962-D4DB-41DF-8A12-5561FD5AC9BC}.Release|Any CPU.Build.0 = Release|Any CPU
		{EBF960D4-ED76-4765-9B28-C17DF73BDD13}.Debug|Any CPU.ActiveCfg = Debug|Any CPU
		{EBF960D4-ED76-4765-9B28-C17DF73BDD13}.Debug|Any CPU.Build.0 = Debug|Any CPU
		{EBF960D4-ED76-4765-9B28-C17DF73BDD13}.Release|Any CPU.ActiveCfg = Release|Any CPU
		{EBF960D4-ED76-4765-9B28-C17DF73BDD13}.Release|Any CPU.Build.0 = Release|Any CPU
		{0E7CE835-EEAC-4930-ABA5-31289D3316F6}.Debug|Any CPU.ActiveCfg = Debug|Any CPU
		{0E7CE835-EEAC-4930-ABA5-31289D3316F6}.Debug|Any CPU.Build.0 = Debug|Any CPU
		{0E7CE835-EEAC-4930-ABA5-31289D3316F6}.Release|Any CPU.ActiveCfg = Release|Any CPU
		{0E7CE835-EEAC-4930-ABA5-31289D3316F6}.Release|Any CPU.Build.0 = Release|Any CPU
		{65123082-5585-4F38-97FE-CDCCD8190572}.Debug|Any CPU.ActiveCfg = Debug|Any CPU
		{65123082-5585-4F38-97FE-CDCCD8190572}.Debug|Any CPU.Build.0 = Debug|Any CPU
		{65123082-5585-4F38-97FE-CDCCD8190572}.Release|Any CPU.ActiveCfg = Release|Any CPU
		{65123082-5585-4F38-97FE-CDCCD8190572}.Release|Any CPU.Build.0 = Release|Any CPU
		{C48DC6A7-3142-4E65-8BF8-0C697E9C6FC8}.Debug|Any CPU.ActiveCfg = Debug|Any CPU
		{C48DC6A7-3142-4E65-8BF8-0C697E9C6FC8}.Debug|Any CPU.Build.0 = Debug|Any CPU
		{C48DC6A7-3142-4E65-8BF8-0C697E9C6FC8}.Release|Any CPU.ActiveCfg = Release|Any CPU
		{C48DC6A7-3142-4E65-8BF8-0C697E9C6FC8}.Release|Any CPU.Build.0 = Release|Any CPU
		{1C51B43C-1280-433A-AE82-24C57362A5A0}.Debug|Any CPU.ActiveCfg = Debug|Any CPU
		{1C51B43C-1280-433A-AE82-24C57362A5A0}.Debug|Any CPU.Build.0 = Debug|Any CPU
		{1C51B43C-1280-433A-AE82-24C57362A5A0}.Release|Any CPU.ActiveCfg = Release|Any CPU
		{1C51B43C-1280-433A-AE82-24C57362A5A0}.Release|Any CPU.Build.0 = Release|Any CPU
		{A36C45FD-0BA1-45DD-938F-97DD21963184}.Debug|Any CPU.ActiveCfg = Debug|Any CPU
		{A36C45FD-0BA1-45DD-938F-97DD21963184}.Debug|Any CPU.Build.0 = Debug|Any CPU
		{A36C45FD-0BA1-45DD-938F-97DD21963184}.Release|Any CPU.ActiveCfg = Release|Any CPU
		{A36C45FD-0BA1-45DD-938F-97DD21963184}.Release|Any CPU.Build.0 = Release|Any CPU
		{544C921E-53C0-40C2-B047-0C88879CE675}.Debug|Any CPU.ActiveCfg = Debug|Any CPU
		{544C921E-53C0-40C2-B047-0C88879CE675}.Debug|Any CPU.Build.0 = Debug|Any CPU
		{544C921E-53C0-40C2-B047-0C88879CE675}.Release|Any CPU.ActiveCfg = Release|Any CPU
		{544C921E-53C0-40C2-B047-0C88879CE675}.Release|Any CPU.Build.0 = Release|Any CPU
		{68C9BF09-0F07-4042-A974-C74EEA51A36D}.Debug|Any CPU.ActiveCfg = Debug|Any CPU
		{68C9BF09-0F07-4042-A974-C74EEA51A36D}.Debug|Any CPU.Build.0 = Debug|Any CPU
		{68C9BF09-0F07-4042-A974-C74EEA51A36D}.Release|Any CPU.ActiveCfg = Release|Any CPU
		{68C9BF09-0F07-4042-A974-C74EEA51A36D}.Release|Any CPU.Build.0 = Release|Any CPU
		{547F5470-D0C3-44D4-89B4-B9235B1103E8}.Debug|Any CPU.ActiveCfg = Debug|Any CPU
		{547F5470-D0C3-44D4-89B4-B9235B1103E8}.Debug|Any CPU.Build.0 = Debug|Any CPU
		{547F5470-D0C3-44D4-89B4-B9235B1103E8}.Release|Any CPU.ActiveCfg = Release|Any CPU
		{547F5470-D0C3-44D4-89B4-B9235B1103E8}.Release|Any CPU.Build.0 = Release|Any CPU
		{0285819F-1C57-4533-9C00-F86CD1546857}.Debug|Any CPU.ActiveCfg = Debug|Any CPU
		{0285819F-1C57-4533-9C00-F86CD1546857}.Debug|Any CPU.Build.0 = Debug|Any CPU
		{0285819F-1C57-4533-9C00-F86CD1546857}.Release|Any CPU.ActiveCfg = Release|Any CPU
		{0285819F-1C57-4533-9C00-F86CD1546857}.Release|Any CPU.Build.0 = Release|Any CPU
	EndGlobalSection
	GlobalSection(SolutionProperties) = preSolution
		HideSolutionNode = FALSE
	EndGlobalSection
	GlobalSection(ExtensibilityGlobals) = postSolution
		SolutionGuid = {B28DF398-4798-4A56-9592-C70A3C4EDB53}
	EndGlobalSection
EndGlobal
